
Microsoft Visual Studio Solution File, Format Version 12.00
# Visual Studio Version 17
VisualStudioVersion = 17.12.35707.178
MinimumVisualStudioVersion = 10.0.40219.1
Project("{FAE04EC0-301F-11D3-BF4B-00C04F79EFBC}") = "Basic", "01.basic\Basic.csproj", "{28ADF88B-1E39-4444-AB1F-38E5E4176990}"
EndProject
Project("{FAE04EC0-301F-11D3-BF4B-00C04F79EFBC}") = "Advanced", "02.advanced\Advanced.csproj", "{26743862-4BD4-429F-9D34-EFBE7D0EF156}"
EndProject
Project("{FAE04EC0-301F-11D3-BF4B-00C04F79EFBC}") = "WaterQualityMonitor", "03.WaterQualityMonitor\WaterQualityMonitor.csproj", "{CCA0922D-0075-45A3-8EB9-755317E2215F}"
EndProject
Global
	GlobalSection(SolutionConfigurationPlatforms) = preSolution
		Debug|Any CPU = Debug|Any CPU
		Release|Any CPU = Release|Any CPU
	EndGlobalSection
	GlobalSection(ProjectConfigurationPlatforms) = postSolution
		{28ADF88B-1E39-4444-AB1F-38E5E4176990}.Debug|Any CPU.ActiveCfg = Debug|Any CPU
		{28ADF88B-1E39-4444-AB1F-38E5E4176990}.Debug|Any CPU.Build.0 = Debug|Any CPU
		{28ADF88B-1E39-4444-AB1F-38E5E4176990}.Release|Any CPU.ActiveCfg = Release|Any CPU
		{28ADF88B-1E39-4444-AB1F-38E5E4176990}.Release|Any CPU.Build.0 = Release|Any CPU
		{26743862-4BD4-429F-9D34-EFBE7D0EF156}.Debug|Any CPU.ActiveCfg = Debug|Any CPU
		{26743862-4BD4-429F-9D34-EFBE7D0EF156}.Debug|Any CPU.Build.0 = Debug|Any CPU
		{26743862-4BD4-429F-9D34-EFBE7D0EF156}.Release|Any CPU.ActiveCfg = Release|Any CPU
		{26743862-4BD4-429F-9D34-EFBE7D0EF156}.Release|Any CPU.Build.0 = Release|Any CPU
		{CCA0922D-0075-45A3-8EB9-755317E2215F}.Debug|Any CPU.ActiveCfg = Debug|Any CPU
		{CCA0922D-0075-45A3-8EB9-755317E2215F}.Debug|Any CPU.Build.0 = Debug|Any CPU
		{CCA0922D-0075-45A3-8EB9-755317E2215F}.Release|Any CPU.ActiveCfg = Release|Any CPU
		{CCA0922D-0075-45A3-8EB9-755317E2215F}.Release|Any CPU.Build.0 = Release|Any CPU
	EndGlobalSection
	GlobalSection(SolutionProperties) = preSolution
		HideSolutionNode = FALSE
	EndGlobalSection
EndGlobal
